
Microsoft Visual Studio Solution File, Format Version 12.00
# Visual Studio 15
VisualStudioVersion = 15.0.28307.168
MinimumVisualStudioVersion = 10.0.40219.1
Project("{FAE04EC0-301F-11D3-BF4B-00C04F79EFBC}") = "GhostWorkspace", "GhostWorkspace.csproj", "{22DFA82E-7F56-43FA-8179-36AB38E893D8}"
EndProject
Global
	GlobalSection(SolutionConfigurationPlatforms) = preSolution
		Debug|Any CPU = Debug|Any CPU
		Release|Any CPU = Release|Any CPU
	EndGlobalSection
	GlobalSection(ProjectConfigurationPlatforms) = postSolution
		{22DFA82E-7F56-43FA-8179-36AB38E893D8}.Debug|Any CPU.ActiveCfg = Debug|Any CPU
		{22DFA82E-7F56-43FA-8179-36AB38E893D8}.Debug|Any CPU.Build.0 = Debug|Any CPU
		{22DFA82E-7F56-43FA-8179-36AB38E893D8}.Release|Any CPU.ActiveCfg = Release|Any CPU
		{22DFA82E-7F56-43FA-8179-36AB38E893D8}.Release|Any CPU.Build.0 = Release|Any CPU
	EndGlobalSection
	GlobalSection(SolutionProperties) = preSolution
		HideSolutionNode = FALSE
	EndGlobalSection
	GlobalSection(ExtensibilityGlobals) = postSolution
		SolutionGuid = {088FB75F-0895-457E-8BD7-79B56EB665CE}
	EndGlobalSection
EndGlobal
